
Microsoft Visual Studio Solution File, Format Version 12.00
# Visual Studio Version 17
VisualStudioVersion = 17.10.35122.118
MinimumVisualStudioVersion = 10.0.40219.1
Project("{888888A0-9F3D-457C-B088-3A5042F75D52}") = "3KLSC-MISAELLOPEZ-11", "3KLSC-MISAELLOPEZ-11\3KLSC-MISAELLOPEZ-11.pyproj", "{37945E1B-8AF9-4D52-9BA2-BF8497A0CA49}"
EndProject
Global
	GlobalSection(SolutionConfigurationPlatforms) = preSolution
		Debug|Any CPU = Debug|Any CPU
		Release|Any CPU = Release|Any CPU
	EndGlobalSection
	GlobalSection(ProjectConfigurationPlatforms) = postSolution
		{37945E1B-8AF9-4D52-9BA2-BF8497A0CA49}.Debug|Any CPU.ActiveCfg = Debug|Any CPU
		{37945E1B-8AF9-4D52-9BA2-BF8497A0CA49}.Release|Any CPU.ActiveCfg = Release|Any CPU
	EndGlobalSection
	GlobalSection(SolutionProperties) = preSolution
		HideSolutionNode = FALSE
	EndGlobalSection
	GlobalSection(ExtensibilityGlobals) = postSolution
		SolutionGuid = {DF84843B-800F-4FEA-8843-5CC4B4E48A0C}
	EndGlobalSection
EndGlobal
